// !$*UTF8*$!
{
	archiveVersion = 1;
	classes = {
	};
	objectVersion = 50;
	objects = {

/* Begin PBXBuildFile section */
		010C82A422E1EBE000D4047C /* kingpengwinDark.png in Resources */ = {isa = PBXBuildFile; fileRef = 010C82A322E1EBE000D4047C /* kingpengwinDark.png */; };
		010C82AB22E1ED7D00D4047C /* kappa_cut.png in Resources */ = {isa = PBXBuildFile; fileRef = 010C82A522E1ED7C00D4047C /* kappa_cut.png */; };
		010C82AC22E1ED7D00D4047C /* rabit.png in Resources */ = {isa = PBXBuildFile; fileRef = 010C82A622E1ED7C00D4047C /* rabit.png */; };
		010C82AD22E1ED7D00D4047C /* panda_cut.png in Resources */ = {isa = PBXBuildFile; fileRef = 010C82A722E1ED7C00D4047C /* panda_cut.png */; };
		010C82AE22E1ED7D00D4047C /* zou_cut.png in Resources */ = {isa = PBXBuildFile; fileRef = 010C82A822E1ED7C00D4047C /* zou_cut.png */; };
		010C82AF22E1ED7D00D4047C /* hituzi_cut.png in Resources */ = {isa = PBXBuildFile; fileRef = 010C82A922E1ED7C00D4047C /* hituzi_cut.png */; };
		010C82B022E1ED7D00D4047C /* pig_cut.png in Resources */ = {isa = PBXBuildFile; fileRef = 010C82AA22E1ED7C00D4047C /* pig_cut.png */; };
		010C82B222E1EE2B00D4047C /* InstructionChallaViewController.swift in Sources */ = {isa = PBXBuildFile; fileRef = 010C82B122E1EE2B00D4047C /* InstructionChallaViewController.swift */; };
		010E4E3A221004550097F30E /* kingpengwin_cut.png in Resources */ = {isa = PBXBuildFile; fileRef = 010E4E30221004540097F30E /* kingpengwin_cut.png */; };
		010E4E3C221004550097F30E /* bird_cut.png in Resources */ = {isa = PBXBuildFile; fileRef = 010E4E32221004540097F30E /* bird_cut.png */; };
		010E4E3E221004550097F30E /* cat_cut.png in Resources */ = {isa = PBXBuildFile; fileRef = 010E4E34221004540097F30E /* cat_cut.png */; };
		010E4E41221004550097F30E /* flog_cut.png in Resources */ = {isa = PBXBuildFile; fileRef = 010E4E37221004540097F30E /* flog_cut.png */; };
		010E4E42221004550097F30E /* dog_cut.png in Resources */ = {isa = PBXBuildFile; fileRef = 010E4E38221004550097F30E /* dog_cut.png */; };
		013663DB218ECE68007ADC07 /* ResultViewController.swift in Sources */ = {isa = PBXBuildFile; fileRef = 013663DA218ECE68007ADC07 /* ResultViewController.swift */; };
		015BD7C32144E31400900AEC /* ListTableViewCell.swift in Sources */ = {isa = PBXBuildFile; fileRef = 015BD7C12144E31400900AEC /* ListTableViewCell.swift */; };
		015BD7C42144E31400900AEC /* ListTableViewCell.xib in Resources */ = {isa = PBXBuildFile; fileRef = 015BD7C22144E31400900AEC /* ListTableViewCell.xib */; };
		015BD7C62144E94D00900AEC /* TabBarController.swift in Sources */ = {isa = PBXBuildFile; fileRef = 015BD7C52144E94D00900AEC /* TabBarController.swift */; };
		015BD7C82144E97100900AEC /* addViewController.swift in Sources */ = {isa = PBXBuildFile; fileRef = 015BD7C72144E97100900AEC /* addViewController.swift */; };
		015BD7CA2144E9C100900AEC /* configrationViewController.swift in Sources */ = {isa = PBXBuildFile; fileRef = 015BD7C92144E9C100900AEC /* configrationViewController.swift */; };
		015BD7CC2144E9FA00900AEC /* GachaViewController.swift in Sources */ = {isa = PBXBuildFile; fileRef = 015BD7CB2144E9FA00900AEC /* GachaViewController.swift */; };
		015BD7D42144EE0200900AEC /* ギアアイコン (2).png in Resources */ = {isa = PBXBuildFile; fileRef = 015BD7D32144EE0100900AEC /* ギアアイコン (2).png */; };
		015BD7D62144EE5D00900AEC /* 家の無料アイコン.png in Resources */ = {isa = PBXBuildFile; fileRef = 015BD7D52144EE5D00900AEC /* 家の無料アイコン.png */; };
		015BD7D82144F03100900AEC /* プラスのアイコン素材.png in Resources */ = {isa = PBXBuildFile; fileRef = 015BD7D72144F03100900AEC /* プラスのアイコン素材.png */; };
		015BD7DA2144F03B00900AEC /* 宝くじのアイコン.png in Resources */ = {isa = PBXBuildFile; fileRef = 015BD7D92144F03A00900AEC /* 宝くじのアイコン.png */; };
		01A6DED0229A266400B71630 /* tanuki.png in Resources */ = {isa = PBXBuildFile; fileRef = 01A6DECD229A266400B71630 /* tanuki.png */; };
		01A6DED3229A55E700B71630 /* daruma1.png in Resources */ = {isa = PBXBuildFile; fileRef = 01A6DED2229A55E700B71630 /* daruma1.png */; };
		01A6DED5229A61A600B71630 /* darumawi.png in Resources */ = {isa = PBXBuildFile; fileRef = 01A6DED4229A61A600B71630 /* darumawi.png */; };
		01A6DED7229A684300B71630 /* daruma2.png in Resources */ = {isa = PBXBuildFile; fileRef = 01A6DED6229A684300B71630 /* daruma2.png */; };
		01A6DED9229A704D00B71630 /* darumahigh.png in Resources */ = {isa = PBXBuildFile; fileRef = 01A6DED8229A704D00B71630 /* darumahigh.png */; };
		01AD462621A125AA0041BE47 /* minus.png in Resources */ = {isa = PBXBuildFile; fileRef = 01AD462521A125AA0041BE47 /* minus.png */; };
		01AD462821A125B00041BE47 /* equal.png in Resources */ = {isa = PBXBuildFile; fileRef = 01AD462721A125B00041BE47 /* equal.png */; };
		01AD462A21A125B70041BE47 /* kakeru.jpg in Resources */ = {isa = PBXBuildFile; fileRef = 01AD462921A125B70041BE47 /* kakeru.jpg */; };
		01AD462C21A125C90041BE47 /* plus.png in Resources */ = {isa = PBXBuildFile; fileRef = 01AD462B21A125C90041BE47 /* plus.png */; };
		01AD462E21A125D70041BE47 /* waru.png in Resources */ = {isa = PBXBuildFile; fileRef = 01AD462D21A125D70041BE47 /* waru.png */; };
		01B0FD8B22D1974900AEAC92 /* cat2.png in Resources */ = {isa = PBXBuildFile; fileRef = 01B0FD8A22D1974900AEAC92 /* cat2.png */; };
		01B0FD9422D1975200AEAC92 /* tanuki2.png in Resources */ = {isa = PBXBuildFile; fileRef = 01B0FD8D22D1975200AEAC92 /* tanuki2.png */; };
		01B0FD9522D1975300AEAC92 /* pannda2.png in Resources */ = {isa = PBXBuildFile; fileRef = 01B0FD8E22D1975200AEAC92 /* pannda2.png */; };
		01B0FD9622D1975300AEAC92 /* hituzi2.png in Resources */ = {isa = PBXBuildFile; fileRef = 01B0FD8F22D1975200AEAC92 /* hituzi2.png */; };
		01B0FD9722D1975300AEAC92 /* zou2.png in Resources */ = {isa = PBXBuildFile; fileRef = 01B0FD9022D1975200AEAC92 /* zou2.png */; };
		01B0FD9822D1975300AEAC92 /* kappa2.png in Resources */ = {isa = PBXBuildFile; fileRef = 01B0FD9122D1975200AEAC92 /* kappa2.png */; };
		01B0FD9922D1975300AEAC92 /* rabit2.png in Resources */ = {isa = PBXBuildFile; fileRef = 01B0FD9222D1975200AEAC92 /* rabit2.png */; };
		01B0FD9C22D1975800AEAC92 /* flog2.png in Resources */ = {isa = PBXBuildFile; fileRef = 01B0FD9A22D1975800AEAC92 /* flog2.png */; };
		01B0FD9D22D1975800AEAC92 /* dog2.png in Resources */ = {isa = PBXBuildFile; fileRef = 01B0FD9B22D1975800AEAC92 /* dog2.png */; };
		01B0FD9F22D1985D00AEAC92 /* bird2-2.png in Resources */ = {isa = PBXBuildFile; fileRef = 01B0FD9E22D1985D00AEAC92 /* bird2-2.png */; };
		01B0FDA122D1990D00AEAC92 /* tanuki1-2.png in Resources */ = {isa = PBXBuildFile; fileRef = 01B0FDA022D1990D00AEAC92 /* tanuki1-2.png */; };
		01B0FDA322D19A3800AEAC92 /* pig2.png in Resources */ = {isa = PBXBuildFile; fileRef = 01B0FDA222D19A3800AEAC92 /* pig2.png */; };
		01C211D9217C5A2C00B1431C /* CharacterListTableViewCell.swift in Sources */ = {isa = PBXBuildFile; fileRef = 01C211D7217C5A2C00B1431C /* CharacterListTableViewCell.swift */; };
		01C211DA217C5A2C00B1431C /* CharacterListTableViewCell.xib in Resources */ = {isa = PBXBuildFile; fileRef = 01C211D8217C5A2C00B1431C /* CharacterListTableViewCell.xib */; };
		01DB32EF21044F9800EC13D2 /* AppDelegate.swift in Sources */ = {isa = PBXBuildFile; fileRef = 01DB32EE21044F9800EC13D2 /* AppDelegate.swift */; };
		01DB32F121044F9800EC13D2 /* ViewController.swift in Sources */ = {isa = PBXBuildFile; fileRef = 01DB32F021044F9800EC13D2 /* ViewController.swift */; };
		01DB32F421044F9800EC13D2 /* Main.storyboard in Resources */ = {isa = PBXBuildFile; fileRef = 01DB32F221044F9800EC13D2 /* Main.storyboard */; };
		01DB32F621044FA100EC13D2 /* Assets.xcassets in Resources */ = {isa = PBXBuildFile; fileRef = 01DB32F521044FA100EC13D2 /* Assets.xcassets */; };
		01DB32F921044FA100EC13D2 /* LaunchScreen.storyboard in Resources */ = {isa = PBXBuildFile; fileRef = 01DB32F721044FA100EC13D2 /* LaunchScreen.storyboard */; };
		01DB330421044FA100EC13D2 /* Task_management_appTests.swift in Sources */ = {isa = PBXBuildFile; fileRef = 01DB330321044FA100EC13D2 /* Task_management_appTests.swift */; };
		01DB330F21044FA100EC13D2 /* Task_management_appUITests.swift in Sources */ = {isa = PBXBuildFile; fileRef = 01DB330E21044FA100EC13D2 /* Task_management_appUITests.swift */; };
/* End PBXBuildFile section */

/* Begin PBXContainerItemProxy section */
		01DB330021044FA100EC13D2 /* PBXContainerItemProxy */ = {
			isa = PBXContainerItemProxy;
			containerPortal = 01DB32E321044F9800EC13D2 /* Project object */;
			proxyType = 1;
			remoteGlobalIDString = 01DB32EA21044F9800EC13D2;
			remoteInfo = "Task management app";
		};
		01DB330B21044FA100EC13D2 /* PBXContainerItemProxy */ = {
			isa = PBXContainerItemProxy;
			containerPortal = 01DB32E321044F9800EC13D2 /* Project object */;
			proxyType = 1;
			remoteGlobalIDString = 01DB32EA21044F9800EC13D2;
			remoteInfo = "Task management app";
		};
/* End PBXContainerItemProxy section */

/* Begin PBXFileReference section */
		010C82A322E1EBE000D4047C /* kingpengwinDark.png */ = {isa = PBXFileReference; lastKnownFileType = image.png; path = kingpengwinDark.png; sourceTree = "<group>"; };
		010C82A522E1ED7C00D4047C /* kappa_cut.png */ = {isa = PBXFileReference; lastKnownFileType = image.png; name = kappa_cut.png; path = "../../../作品準備品/TMAchara/キャラクター画像/カラー/完成/取り込み済み/kappa_cut.png"; sourceTree = "<group>"; };
		010C82A622E1ED7C00D4047C /* rabit.png */ = {isa = PBXFileReference; lastKnownFileType = image.png; name = rabit.png; path = "../../../作品準備品/TMAchara/キャラクター画像/カラー/完成/取り込み済み/rabit.png"; sourceTree = "<group>"; };
		010C82A722E1ED7C00D4047C /* panda_cut.png */ = {isa = PBXFileReference; lastKnownFileType = image.png; name = panda_cut.png; path = "../../../作品準備品/TMAchara/キャラクター画像/カラー/完成/取り込み済み/panda_cut.png"; sourceTree = "<group>"; };
		010C82A822E1ED7C00D4047C /* zou_cut.png */ = {isa = PBXFileReference; lastKnownFileType = image.png; name = zou_cut.png; path = "../../../作品準備品/TMAchara/キャラクター画像/カラー/完成/取り込み済み/zou_cut.png"; sourceTree = "<group>"; };
		010C82A922E1ED7C00D4047C /* hituzi_cut.png */ = {isa = PBXFileReference; lastKnownFileType = image.png; name = hituzi_cut.png; path = "../../../作品準備品/TMAchara/キャラクター画像/カラー/完成/取り込み済み/hituzi_cut.png"; sourceTree = "<group>"; };
		010C82AA22E1ED7C00D4047C /* pig_cut.png */ = {isa = PBXFileReference; lastKnownFileType = image.png; name = pig_cut.png; path = "../../../作品準備品/TMAchara/キャラクター画像/カラー/完成/取り込み済み/pig_cut.png"; sourceTree = "<group>"; };
		010C82B122E1EE2B00D4047C /* InstructionChallaViewController.swift */ = {isa = PBXFileReference; lastKnownFileType = sourcecode.swift; path = InstructionChallaViewController.swift; sourceTree = "<group>"; };
		010E4E30221004540097F30E /* kingpengwin_cut.png */ = {isa = PBXFileReference; lastKnownFileType = image.png; path = kingpengwin_cut.png; sourceTree = "<group>"; };
		010E4E32221004540097F30E /* bird_cut.png */ = {isa = PBXFileReference; lastKnownFileType = image.png; path = bird_cut.png; sourceTree = "<group>"; };
		010E4E34221004540097F30E /* cat_cut.png */ = {isa = PBXFileReference; lastKnownFileType = image.png; path = cat_cut.png; sourceTree = "<group>"; };
		010E4E37221004540097F30E /* flog_cut.png */ = {isa = PBXFileReference; lastKnownFileType = image.png; path = flog_cut.png; sourceTree = "<group>"; };
		010E4E38221004550097F30E /* dog_cut.png */ = {isa = PBXFileReference; lastKnownFileType = image.png; path = dog_cut.png; sourceTree = "<group>"; };
		013663DA218ECE68007ADC07 /* ResultViewController.swift */ = {isa = PBXFileReference; lastKnownFileType = sourcecode.swift; path = ResultViewController.swift; sourceTree = "<group>"; };
		015BD7C12144E31400900AEC /* ListTableViewCell.swift */ = {isa = PBXFileReference; lastKnownFileType = sourcecode.swift; path = ListTableViewCell.swift; sourceTree = "<group>"; };
		015BD7C22144E31400900AEC /* ListTableViewCell.xib */ = {isa = PBXFileReference; lastKnownFileType = file.xib; path = ListTableViewCell.xib; sourceTree = "<group>"; };
		015BD7C52144E94D00900AEC /* TabBarController.swift */ = {isa = PBXFileReference; lastKnownFileType = sourcecode.swift; path = TabBarController.swift; sourceTree = "<group>"; };
		015BD7C72144E97100900AEC /* addViewController.swift */ = {isa = PBXFileReference; lastKnownFileType = sourcecode.swift; path = addViewController.swift; sourceTree = "<group>"; };
		015BD7C92144E9C100900AEC /* configrationViewController.swift */ = {isa = PBXFileReference; lastKnownFileType = sourcecode.swift; path = configrationViewController.swift; sourceTree = "<group>"; };
		015BD7CB2144E9FA00900AEC /* GachaViewController.swift */ = {isa = PBXFileReference; lastKnownFileType = sourcecode.swift; path = GachaViewController.swift; sourceTree = "<group>"; };
		015BD7D32144EE0100900AEC /* ギアアイコン (2).png */ = {isa = PBXFileReference; lastKnownFileType = image.png; path = "ギアアイコン (2).png"; sourceTree = "<group>"; };
		015BD7D52144EE5D00900AEC /* 家の無料アイコン.png */ = {isa = PBXFileReference; lastKnownFileType = image.png; path = "家の無料アイコン.png"; sourceTree = "<group>"; };
		015BD7D72144F03100900AEC /* プラスのアイコン素材.png */ = {isa = PBXFileReference; lastKnownFileType = image.png; path = "プラスのアイコン素材.png"; sourceTree = "<group>"; };
		015BD7D92144F03A00900AEC /* 宝くじのアイコン.png */ = {isa = PBXFileReference; lastKnownFileType = image.png; path = "宝くじのアイコン.png"; sourceTree = "<group>"; };
		01A6DECD229A266400B71630 /* tanuki.png */ = {isa = PBXFileReference; lastKnownFileType = image.png; path = tanuki.png; sourceTree = "<group>"; };
		01A6DED2229A55E700B71630 /* daruma1.png */ = {isa = PBXFileReference; lastKnownFileType = image.png; path = daruma1.png; sourceTree = "<group>"; };
		01A6DED4229A61A600B71630 /* darumawi.png */ = {isa = PBXFileReference; lastKnownFileType = image.png; path = darumawi.png; sourceTree = "<group>"; };
		01A6DED6229A684300B71630 /* daruma2.png */ = {isa = PBXFileReference; lastKnownFileType = image.png; path = daruma2.png; sourceTree = "<group>"; };
		01A6DED8229A704D00B71630 /* darumahigh.png */ = {isa = PBXFileReference; lastKnownFileType = image.png; path = darumahigh.png; sourceTree = "<group>"; };
		01AD462521A125AA0041BE47 /* minus.png */ = {isa = PBXFileReference; lastKnownFileType = image.png; path = minus.png; sourceTree = "<group>"; };
		01AD462721A125B00041BE47 /* equal.png */ = {isa = PBXFileReference; lastKnownFileType = image.png; path = equal.png; sourceTree = "<group>"; };
		01AD462921A125B70041BE47 /* kakeru.jpg */ = {isa = PBXFileReference; lastKnownFileType = image.jpeg; path = kakeru.jpg; sourceTree = "<group>"; };
		01AD462B21A125C90041BE47 /* plus.png */ = {isa = PBXFileReference; lastKnownFileType = image.png; path = plus.png; sourceTree = "<group>"; };
		01AD462D21A125D70041BE47 /* waru.png */ = {isa = PBXFileReference; lastKnownFileType = image.png; path = waru.png; sourceTree = "<group>"; };
		01B0FD8A22D1974900AEAC92 /* cat2.png */ = {isa = PBXFileReference; lastKnownFileType = image.png; path = cat2.png; sourceTree = "<group>"; };
		01B0FD8D22D1975200AEAC92 /* tanuki2.png */ = {isa = PBXFileReference; lastKnownFileType = image.png; path = tanuki2.png; sourceTree = "<group>"; };
		01B0FD8E22D1975200AEAC92 /* pannda2.png */ = {isa = PBXFileReference; lastKnownFileType = image.png; path = pannda2.png; sourceTree = "<group>"; };
		01B0FD8F22D1975200AEAC92 /* hituzi2.png */ = {isa = PBXFileReference; lastKnownFileType = image.png; path = hituzi2.png; sourceTree = "<group>"; };
		01B0FD9022D1975200AEAC92 /* zou2.png */ = {isa = PBXFileReference; lastKnownFileType = image.png; path = zou2.png; sourceTree = "<group>"; };
		01B0FD9122D1975200AEAC92 /* kappa2.png */ = {isa = PBXFileReference; lastKnownFileType = image.png; path = kappa2.png; sourceTree = "<group>"; };
		01B0FD9222D1975200AEAC92 /* rabit2.png */ = {isa = PBXFileReference; lastKnownFileType = image.png; path = rabit2.png; sourceTree = "<group>"; };
		01B0FD9A22D1975800AEAC92 /* flog2.png */ = {isa = PBXFileReference; lastKnownFileType = image.png; path = flog2.png; sourceTree = "<group>"; };
		01B0FD9B22D1975800AEAC92 /* dog2.png */ = {isa = PBXFileReference; lastKnownFileType = image.png; path = dog2.png; sourceTree = "<group>"; };
		01B0FD9E22D1985D00AEAC92 /* bird2-2.png */ = {isa = PBXFileReference; lastKnownFileType = image.png; path = "bird2-2.png"; sourceTree = "<group>"; };
		01B0FDA022D1990D00AEAC92 /* tanuki1-2.png */ = {isa = PBXFileReference; lastKnownFileType = image.png; path = "tanuki1-2.png"; sourceTree = "<group>"; };
		01B0FDA222D19A3800AEAC92 /* pig2.png */ = {isa = PBXFileReference; lastKnownFileType = image.png; path = pig2.png; sourceTree = "<group>"; };
		01C211D7217C5A2C00B1431C /* CharacterListTableViewCell.swift */ = {isa = PBXFileReference; lastKnownFileType = sourcecode.swift; path = CharacterListTableViewCell.swift; sourceTree = "<group>"; };
		01C211D8217C5A2C00B1431C /* CharacterListTableViewCell.xib */ = {isa = PBXFileReference; lastKnownFileType = file.xib; path = CharacterListTableViewCell.xib; sourceTree = "<group>"; };
		01DB32EB21044F9800EC13D2 /* Task management app.app */ = {isa = PBXFileReference; explicitFileType = wrapper.application; includeInIndex = 0; path = "Task management app.app"; sourceTree = BUILT_PRODUCTS_DIR; };
		01DB32EE21044F9800EC13D2 /* AppDelegate.swift */ = {isa = PBXFileReference; lastKnownFileType = sourcecode.swift; path = AppDelegate.swift; sourceTree = "<group>"; };
		01DB32F021044F9800EC13D2 /* ViewController.swift */ = {isa = PBXFileReference; lastKnownFileType = sourcecode.swift; path = ViewController.swift; sourceTree = "<group>"; };
		01DB32F321044F9800EC13D2 /* Base */ = {isa = PBXFileReference; lastKnownFileType = file.storyboard; name = Base; path = Base.lproj/Main.storyboard; sourceTree = "<group>"; };
		01DB32F521044FA100EC13D2 /* Assets.xcassets */ = {isa = PBXFileReference; lastKnownFileType = folder.assetcatalog; path = Assets.xcassets; sourceTree = "<group>"; };
		01DB32F821044FA100EC13D2 /* Base */ = {isa = PBXFileReference; lastKnownFileType = file.storyboard; name = Base; path = Base.lproj/LaunchScreen.storyboard; sourceTree = "<group>"; };
		01DB32FA21044FA100EC13D2 /* Info.plist */ = {isa = PBXFileReference; lastKnownFileType = text.plist.xml; path = Info.plist; sourceTree = "<group>"; };
		01DB32FF21044FA100EC13D2 /* Task management appTests.xctest */ = {isa = PBXFileReference; explicitFileType = wrapper.cfbundle; includeInIndex = 0; path = "Task management appTests.xctest"; sourceTree = BUILT_PRODUCTS_DIR; };
		01DB330321044FA100EC13D2 /* Task_management_appTests.swift */ = {isa = PBXFileReference; lastKnownFileType = sourcecode.swift; path = Task_management_appTests.swift; sourceTree = "<group>"; };
		01DB330521044FA100EC13D2 /* Info.plist */ = {isa = PBXFileReference; lastKnownFileType = text.plist.xml; path = Info.plist; sourceTree = "<group>"; };
		01DB330A21044FA100EC13D2 /* Task management appUITests.xctest */ = {isa = PBXFileReference; explicitFileType = wrapper.cfbundle; includeInIndex = 0; path = "Task management appUITests.xctest"; sourceTree = BUILT_PRODUCTS_DIR; };
		01DB330E21044FA100EC13D2 /* Task_management_appUITests.swift */ = {isa = PBXFileReference; lastKnownFileType = sourcecode.swift; path = Task_management_appUITests.swift; sourceTree = "<group>"; };
		01DB331021044FA100EC13D2 /* Info.plist */ = {isa = PBXFileReference; lastKnownFileType = text.plist.xml; path = Info.plist; sourceTree = "<group>"; };
/* End PBXFileReference section */

/* Begin PBXFrameworksBuildPhase section */
		01DB32E821044F9800EC13D2 /* Frameworks */ = {
			isa = PBXFrameworksBuildPhase;
			buildActionMask = 2147483647;
			files = (
			);
			runOnlyForDeploymentPostprocessing = 0;
		};
		01DB32FC21044FA100EC13D2 /* Frameworks */ = {
			isa = PBXFrameworksBuildPhase;
			buildActionMask = 2147483647;
			files = (
			);
			runOnlyForDeploymentPostprocessing = 0;
		};
		01DB330721044FA100EC13D2 /* Frameworks */ = {
			isa = PBXFrameworksBuildPhase;
			buildActionMask = 2147483647;
			files = (
			);
			runOnlyForDeploymentPostprocessing = 0;
		};
/* End PBXFrameworksBuildPhase section */

/* Begin PBXGroup section */
		01A6DED1229A31A800B71630 /* image */ = {
			isa = PBXGroup;
			children = (
				010C82A922E1ED7C00D4047C /* hituzi_cut.png */,
				010C82A522E1ED7C00D4047C /* kappa_cut.png */,
				010C82A722E1ED7C00D4047C /* panda_cut.png */,
				010C82AA22E1ED7C00D4047C /* pig_cut.png */,
				010C82A622E1ED7C00D4047C /* rabit.png */,
				010C82A822E1ED7C00D4047C /* zou_cut.png */,
				01A6DED2229A55E700B71630 /* daruma1.png */,
				01A6DED4229A61A600B71630 /* darumawi.png */,
				010C82A322E1EBE000D4047C /* kingpengwinDark.png */,
				01B0FDA222D19A3800AEAC92 /* pig2.png */,
				010E4E32221004540097F30E /* bird_cut.png */,
				01B0FDA022D1990D00AEAC92 /* tanuki1-2.png */,
				010E4E34221004540097F30E /* cat_cut.png */,
				010E4E38221004550097F30E /* dog_cut.png */,
				010E4E37221004540097F30E /* flog_cut.png */,
				01B0FD8F22D1975200AEAC92 /* hituzi2.png */,
				01B0FD9122D1975200AEAC92 /* kappa2.png */,
				01B0FD8E22D1975200AEAC92 /* pannda2.png */,
				01B0FD9B22D1975800AEAC92 /* dog2.png */,
				01B0FD9A22D1975800AEAC92 /* flog2.png */,
				01B0FD9222D1975200AEAC92 /* rabit2.png */,
				01B0FD8D22D1975200AEAC92 /* tanuki2.png */,
				01B0FD9022D1975200AEAC92 /* zou2.png */,
				01A6DED6229A684300B71630 /* daruma2.png */,
				01B0FD8A22D1974900AEAC92 /* cat2.png */,
				01A6DECD229A266400B71630 /* tanuki.png */,
				01B0FD9E22D1985D00AEAC92 /* bird2-2.png */,
				01A6DED8229A704D00B71630 /* darumahigh.png */,
				010E4E30221004540097F30E /* kingpengwin_cut.png */,
				01AD462521A125AA0041BE47 /* minus.png */,
				01AD462B21A125C90041BE47 /* plus.png */,
				01AD462721A125B00041BE47 /* equal.png */,
				015BD7D92144F03A00900AEC /* 宝くじのアイコン.png */,
				015BD7D72144F03100900AEC /* プラスのアイコン素材.png */,
				015BD7D52144EE5D00900AEC /* 家の無料アイコン.png */,
				015BD7D32144EE0100900AEC /* ギアアイコン (2).png */,
				01AD462D21A125D70041BE47 /* waru.png */,
				01AD462921A125B70041BE47 /* kakeru.jpg */,
			);
			path = image;
			sourceTree = "<group>";
		};
		01DB32E221044F9800EC13D2 = {
			isa = PBXGroup;
			children = (
				01DB32ED21044F9800EC13D2 /* Task management app */,
				01DB330221044FA100EC13D2 /* Task management appTests */,
				01DB330D21044FA100EC13D2 /* Task management appUITests */,
				01DB32EC21044F9800EC13D2 /* Products */,
			);
			sourceTree = "<group>";
		};
		01DB32EC21044F9800EC13D2 /* Products */ = {
			isa = PBXGroup;
			children = (
				01DB32EB21044F9800EC13D2 /* Task management app.app */,
				01DB32FF21044FA100EC13D2 /* Task management appTests.xctest */,
				01DB330A21044FA100EC13D2 /* Task management appUITests.xctest */,
			);
			name = Products;
			sourceTree = "<group>";
		};
		01DB32ED21044F9800EC13D2 /* Task management app */ = {
			isa = PBXGroup;
			children = (
				01A6DED1229A31A800B71630 /* image */,
				01DB32EE21044F9800EC13D2 /* AppDelegate.swift */,
				01DB32F021044F9800EC13D2 /* ViewController.swift */,
				01DB32F221044F9800EC13D2 /* Main.storyboard */,
				01DB32F521044FA100EC13D2 /* Assets.xcassets */,
				01DB32F721044FA100EC13D2 /* LaunchScreen.storyboard */,
				01DB32FA21044FA100EC13D2 /* Info.plist */,
				015BD7C12144E31400900AEC /* ListTableViewCell.swift */,
				015BD7C22144E31400900AEC /* ListTableViewCell.xib */,
				015BD7C52144E94D00900AEC /* TabBarController.swift */,
				015BD7C72144E97100900AEC /* addViewController.swift */,
				015BD7C92144E9C100900AEC /* configrationViewController.swift */,
				015BD7CB2144E9FA00900AEC /* GachaViewController.swift */,
				01C211D7217C5A2C00B1431C /* CharacterListTableViewCell.swift */,
				01C211D8217C5A2C00B1431C /* CharacterListTableViewCell.xib */,
				013663DA218ECE68007ADC07 /* ResultViewController.swift */,
				010C82B122E1EE2B00D4047C /* InstructionChallaViewController.swift */,
			);
			path = "Task management app";
			sourceTree = "<group>";
		};
		01DB330221044FA100EC13D2 /* Task management appTests */ = {
			isa = PBXGroup;
			children = (
				01DB330321044FA100EC13D2 /* Task_management_appTests.swift */,
				01DB330521044FA100EC13D2 /* Info.plist */,
			);
			path = "Task management appTests";
			sourceTree = "<group>";
		};
		01DB330D21044FA100EC13D2 /* Task management appUITests */ = {
			isa = PBXGroup;
			children = (
				01DB330E21044FA100EC13D2 /* Task_management_appUITests.swift */,
				01DB331021044FA100EC13D2 /* Info.plist */,
			);
			path = "Task management appUITests";
			sourceTree = "<group>";
		};
/* End PBXGroup section */

/* Begin PBXNativeTarget section */
		01DB32EA21044F9800EC13D2 /* Task management app */ = {
			isa = PBXNativeTarget;
			buildConfigurationList = 01DB331321044FA100EC13D2 /* Build configuration list for PBXNativeTarget "Task management app" */;
			buildPhases = (
				01DB32E721044F9800EC13D2 /* Sources */,
				01DB32E821044F9800EC13D2 /* Frameworks */,
				01DB32E921044F9800EC13D2 /* Resources */,
			);
			buildRules = (
			);
			dependencies = (
			);
			name = "Task management app";
			productName = "Task management app";
			productReference = 01DB32EB21044F9800EC13D2 /* Task management app.app */;
			productType = "com.apple.product-type.application";
		};
		01DB32FE21044FA100EC13D2 /* Task management appTests */ = {
			isa = PBXNativeTarget;
			buildConfigurationList = 01DB331621044FA100EC13D2 /* Build configuration list for PBXNativeTarget "Task management appTests" */;
			buildPhases = (
				01DB32FB21044FA100EC13D2 /* Sources */,
				01DB32FC21044FA100EC13D2 /* Frameworks */,
				01DB32FD21044FA100EC13D2 /* Resources */,
			);
			buildRules = (
			);
			dependencies = (
				01DB330121044FA100EC13D2 /* PBXTargetDependency */,
			);
			name = "Task management appTests";
			productName = "Task management appTests";
			productReference = 01DB32FF21044FA100EC13D2 /* Task management appTests.xctest */;
			productType = "com.apple.product-type.bundle.unit-test";
		};
		01DB330921044FA100EC13D2 /* Task management appUITests */ = {
			isa = PBXNativeTarget;
			buildConfigurationList = 01DB331921044FA100EC13D2 /* Build configuration list for PBXNativeTarget "Task management appUITests" */;
			buildPhases = (
				01DB330621044FA100EC13D2 /* Sources */,
				01DB330721044FA100EC13D2 /* Frameworks */,
				01DB330821044FA100EC13D2 /* Resources */,
			);
			buildRules = (
			);
			dependencies = (
				01DB330C21044FA100EC13D2 /* PBXTargetDependency */,
			);
			name = "Task management appUITests";
			productName = "Task management appUITests";
			productReference = 01DB330A21044FA100EC13D2 /* Task management appUITests.xctest */;
			productType = "com.apple.product-type.bundle.ui-testing";
		};
/* End PBXNativeTarget section */

/* Begin PBXProject section */
		01DB32E321044F9800EC13D2 /* Project object */ = {
			isa = PBXProject;
			attributes = {
				LastSwiftUpdateCheck = 0940;
				LastUpgradeCheck = 0940;
				ORGANIZATIONNAME = oharakazumasa;
				TargetAttributes = {
					01DB32EA21044F9800EC13D2 = {
						CreatedOnToolsVersion = 9.4.1;
					};
					01DB32FE21044FA100EC13D2 = {
						CreatedOnToolsVersion = 9.4.1;
						TestTargetID = 01DB32EA21044F9800EC13D2;
					};
					01DB330921044FA100EC13D2 = {
						CreatedOnToolsVersion = 9.4.1;
						TestTargetID = 01DB32EA21044F9800EC13D2;
					};
				};
			};
			buildConfigurationList = 01DB32E621044F9800EC13D2 /* Build configuration list for PBXProject "Task management app" */;
			compatibilityVersion = "Xcode 9.3";
			developmentRegion = en;
			hasScannedForEncodings = 0;
			knownRegions = (
				en,
				Base,
			);
			mainGroup = 01DB32E221044F9800EC13D2;
			productRefGroup = 01DB32EC21044F9800EC13D2 /* Products */;
			projectDirPath = "";
			projectRoot = "";
			targets = (
				01DB32EA21044F9800EC13D2 /* Task management app */,
				01DB32FE21044FA100EC13D2 /* Task management appTests */,
				01DB330921044FA100EC13D2 /* Task management appUITests */,
			);
		};
/* End PBXProject section */

/* Begin PBXResourcesBuildPhase section */
		01DB32E921044F9800EC13D2 /* Resources */ = {
			isa = PBXResourcesBuildPhase;
			buildActionMask = 2147483647;
			files = (
				01DB32F921044FA100EC13D2 /* LaunchScreen.storyboard in Resources */,
				015BD7D42144EE0200900AEC /* ギアアイコン (2).png in Resources */,
				01B0FD9922D1975300AEAC92 /* rabit2.png in Resources */,
				01C211DA217C5A2C00B1431C /* CharacterListTableViewCell.xib in Resources */,
				015BD7D82144F03100900AEC /* プラスのアイコン素材.png in Resources */,
				010C82AC22E1ED7D00D4047C /* rabit.png in Resources */,
				010C82AE22E1ED7D00D4047C /* zou_cut.png in Resources */,
				01B0FD9D22D1975800AEAC92 /* dog2.png in Resources */,
				010C82AF22E1ED7D00D4047C /* hituzi_cut.png in Resources */,
				01A6DED5229A61A600B71630 /* darumawi.png in Resources */,
				01AD462A21A125B70041BE47 /* kakeru.jpg in Resources */,
				010E4E3A221004550097F30E /* kingpengwin_cut.png in Resources */,
				010C82A422E1EBE000D4047C /* kingpengwinDark.png in Resources */,
				01B0FD8B22D1974900AEAC92 /* cat2.png in Resources */,
				01B0FD9522D1975300AEAC92 /* pannda2.png in Resources */,
				01A6DED3229A55E700B71630 /* daruma1.png in Resources */,
				010E4E3C221004550097F30E /* bird_cut.png in Resources */,
				015BD7C42144E31400900AEC /* ListTableViewCell.xib in Resources */,
				01A6DED9229A704D00B71630 /* darumahigh.png in Resources */,
				01AD462C21A125C90041BE47 /* plus.png in Resources */,
				01B0FD9C22D1975800AEAC92 /* flog2.png in Resources */,
				010E4E42221004550097F30E /* dog_cut.png in Resources */,
				015BD7D62144EE5D00900AEC /* 家の無料アイコン.png in Resources */,
				010C82AD22E1ED7D00D4047C /* panda_cut.png in Resources */,
				01A6DED7229A684300B71630 /* daruma2.png in Resources */,
				01B0FD9F22D1985D00AEAC92 /* bird2-2.png in Resources */,
				01B0FD9722D1975300AEAC92 /* zou2.png in Resources */,
				010E4E41221004550097F30E /* flog_cut.png in Resources */,
				010C82B022E1ED7D00D4047C /* pig_cut.png in Resources */,
				01A6DED0229A266400B71630 /* tanuki.png in Resources */,
				01AD462E21A125D70041BE47 /* waru.png in Resources */,
				01B0FDA122D1990D00AEAC92 /* tanuki1-2.png in Resources */,
				01DB32F621044FA100EC13D2 /* Assets.xcassets in Resources */,
				015BD7DA2144F03B00900AEC /* 宝くじのアイコン.png in Resources */,
				010E4E3E221004550097F30E /* cat_cut.png in Resources */,
				01B0FD9422D1975200AEAC92 /* tanuki2.png in Resources */,
				01AD462621A125AA0041BE47 /* minus.png in Resources */,
				010C82AB22E1ED7D00D4047C /* kappa_cut.png in Resources */,
				01B0FD9822D1975300AEAC92 /* kappa2.png in Resources */,
				01B0FD9622D1975300AEAC92 /* hituzi2.png in Resources */,
				01B0FDA322D19A3800AEAC92 /* pig2.png in Resources */,
				01AD462821A125B00041BE47 /* equal.png in Resources */,
				01DB32F421044F9800EC13D2 /* Main.storyboard in Resources */,
			);
			runOnlyForDeploymentPostprocessing = 0;
		};
		01DB32FD21044FA100EC13D2 /* Resources */ = {
			isa = PBXResourcesBuildPhase;
			buildActionMask = 2147483647;
			files = (
			);
			runOnlyForDeploymentPostprocessing = 0;
		};
		01DB330821044FA100EC13D2 /* Resources */ = {
			isa = PBXResourcesBuildPhase;
			buildActionMask = 2147483647;
			files = (
			);
			runOnlyForDeploymentPostprocessing = 0;
		};
/* End PBXResourcesBuildPhase section */

/* Begin PBXSourcesBuildPhase section */
		01DB32E721044F9800EC13D2 /* Sources */ = {
			isa = PBXSourcesBuildPhase;
			buildActionMask = 2147483647;
			files = (
				01DB32F121044F9800EC13D2 /* ViewController.swift in Sources */,
				015BD7C62144E94D00900AEC /* TabBarController.swift in Sources */,
				015BD7CA2144E9C100900AEC /* configrationViewController.swift in Sources */,
				015BD7CC2144E9FA00900AEC /* GachaViewController.swift in Sources */,
				01DB32EF21044F9800EC13D2 /* AppDelegate.swift in Sources */,
				015BD7C82144E97100900AEC /* addViewController.swift in Sources */,
				01C211D9217C5A2C00B1431C /* CharacterListTableViewCell.swift in Sources */,
				015BD7C32144E31400900AEC /* ListTableViewCell.swift in Sources */,
				010C82B222E1EE2B00D4047C /* InstructionChallaViewController.swift in Sources */,
				013663DB218ECE68007ADC07 /* ResultViewController.swift in Sources */,
			);
			runOnlyForDeploymentPostprocessing = 0;
		};
		01DB32FB21044FA100EC13D2 /* Sources */ = {
			isa = PBXSourcesBuildPhase;
			buildActionMask = 2147483647;
			files = (
				01DB330421044FA100EC13D2 /* Task_management_appTests.swift in Sources */,
			);
			runOnlyForDeploymentPostprocessing = 0;
		};
		01DB330621044FA100EC13D2 /* Sources */ = {
			isa = PBXSourcesBuildPhase;
			buildActionMask = 2147483647;
			files = (
				01DB330F21044FA100EC13D2 /* Task_management_appUITests.swift in Sources */,
			);
			runOnlyForDeploymentPostprocessing = 0;
		};
/* End PBXSourcesBuildPhase section */

/* Begin PBXTargetDependency section */
		01DB330121044FA100EC13D2 /* PBXTargetDependency */ = {
			isa = PBXTargetDependency;
			target = 01DB32EA21044F9800EC13D2 /* Task management app */;
			targetProxy = 01DB330021044FA100EC13D2 /* PBXContainerItemProxy */;
		};
		01DB330C21044FA100EC13D2 /* PBXTargetDependency */ = {
			isa = PBXTargetDependency;
			target = 01DB32EA21044F9800EC13D2 /* Task management app */;
			targetProxy = 01DB330B21044FA100EC13D2 /* PBXContainerItemProxy */;
		};
/* End PBXTargetDependency section */

/* Begin PBXVariantGroup section */
		01DB32F221044F9800EC13D2 /* Main.storyboard */ = {
			isa = PBXVariantGroup;
			children = (
				01DB32F321044F9800EC13D2 /* Base */,
			);
			name = Main.storyboard;
			sourceTree = "<group>";
		};
		01DB32F721044FA100EC13D2 /* LaunchScreen.storyboard */ = {
			isa = PBXVariantGroup;
			children = (
				01DB32F821044FA100EC13D2 /* Base */,
			);
			name = LaunchScreen.storyboard;
			sourceTree = "<group>";
		};
/* End PBXVariantGroup section */

/* Begin XCBuildConfiguration section */
		01DB331121044FA100EC13D2 /* Debug */ = {
			isa = XCBuildConfiguration;
			buildSettings = {
				ALWAYS_SEARCH_USER_PATHS = NO;
				CLANG_ANALYZER_NONNULL = YES;
				CLANG_ANALYZER_NUMBER_OBJECT_CONVERSION = YES_AGGRESSIVE;
				CLANG_CXX_LANGUAGE_STANDARD = "gnu++14";
				CLANG_CXX_LIBRARY = "libc++";
				CLANG_ENABLE_MODULES = YES;
				CLANG_ENABLE_OBJC_ARC = YES;
				CLANG_ENABLE_OBJC_WEAK = YES;
				CLANG_WARN_BLOCK_CAPTURE_AUTORELEASING = YES;
				CLANG_WARN_BOOL_CONVERSION = YES;
				CLANG_WARN_COMMA = YES;
				CLANG_WARN_CONSTANT_CONVERSION = YES;
				CLANG_WARN_DEPRECATED_OBJC_IMPLEMENTATIONS = YES;
				CLANG_WARN_DIRECT_OBJC_ISA_USAGE = YES_ERROR;
				CLANG_WARN_DOCUMENTATION_COMMENTS = YES;
				CLANG_WARN_EMPTY_BODY = YES;
				CLANG_WARN_ENUM_CONVERSION = YES;
				CLANG_WARN_INFINITE_RECURSION = YES;
				CLANG_WARN_INT_CONVERSION = YES;
				CLANG_WARN_NON_LITERAL_NULL_CONVERSION = YES;
				CLANG_WARN_OBJC_IMPLICIT_RETAIN_SELF = YES;
				CLANG_WARN_OBJC_LITERAL_CONVERSION = YES;
				CLANG_WARN_OBJC_ROOT_CLASS = YES_ERROR;
				CLANG_WARN_RANGE_LOOP_ANALYSIS = YES;
				CLANG_WARN_STRICT_PROTOTYPES = YES;
				CLANG_WARN_SUSPICIOUS_MOVE = YES;
				CLANG_WARN_UNGUARDED_AVAILABILITY = YES_AGGRESSIVE;
				CLANG_WARN_UNREACHABLE_CODE = YES;
				CLANG_WARN__DUPLICATE_METHOD_MATCH = YES;
				CODE_SIGN_IDENTITY = "iPhone Developer";
				COPY_PHASE_STRIP = NO;
				DEBUG_INFORMATION_FORMAT = dwarf;
				ENABLE_STRICT_OBJC_MSGSEND = YES;
				ENABLE_TESTABILITY = YES;
				GCC_C_LANGUAGE_STANDARD = gnu11;
				GCC_DYNAMIC_NO_PIC = NO;
				GCC_NO_COMMON_BLOCKS = YES;
				GCC_OPTIMIZATION_LEVEL = 0;
				GCC_PREPROCESSOR_DEFINITIONS = (
					"DEBUG=1",
					"$(inherited)",
				);
				GCC_WARN_64_TO_32_BIT_CONVERSION = YES;
				GCC_WARN_ABOUT_RETURN_TYPE = YES_ERROR;
				GCC_WARN_UNDECLARED_SELECTOR = YES;
				GCC_WARN_UNINITIALIZED_AUTOS = YES_AGGRESSIVE;
				GCC_WARN_UNUSED_FUNCTION = YES;
				GCC_WARN_UNUSED_VARIABLE = YES;
				IPHONEOS_DEPLOYMENT_TARGET = 11.4;
				MTL_ENABLE_DEBUG_INFO = YES;
				ONLY_ACTIVE_ARCH = YES;
				SDKROOT = iphoneos;
				SWIFT_ACTIVE_COMPILATION_CONDITIONS = DEBUG;
				SWIFT_OPTIMIZATION_LEVEL = "-Onone";
			};
			name = Debug;
		};
		01DB331221044FA100EC13D2 /* Release */ = {
			isa = XCBuildConfiguration;
			buildSettings = {
				ALWAYS_SEARCH_USER_PATHS = NO;
				CLANG_ANALYZER_NONNULL = YES;
				CLANG_ANALYZER_NUMBER_OBJECT_CONVERSION = YES_AGGRESSIVE;
				CLANG_CXX_LANGUAGE_STANDARD = "gnu++14";
				CLANG_CXX_LIBRARY = "libc++";
				CLANG_ENABLE_MODULES = YES;
				CLANG_ENABLE_OBJC_ARC = YES;
				CLANG_ENABLE_OBJC_WEAK = YES;
				CLANG_WARN_BLOCK_CAPTURE_AUTORELEASING = YES;
				CLANG_WARN_BOOL_CONVERSION = YES;
				CLANG_WARN_COMMA = YES;
				CLANG_WARN_CONSTANT_CONVERSION = YES;
				CLANG_WARN_DEPRECATED_OBJC_IMPLEMENTATIONS = YES;
				CLANG_WARN_DIRECT_OBJC_ISA_USAGE = YES_ERROR;
				CLANG_WARN_DOCUMENTATION_COMMENTS = YES;
				CLANG_WARN_EMPTY_BODY = YES;
				CLANG_WARN_ENUM_CONVERSION = YES;
				CLANG_WARN_INFINITE_RECURSION = YES;
				CLANG_WARN_INT_CONVERSION = YES;
				CLANG_WARN_NON_LITERAL_NULL_CONVERSION = YES;
				CLANG_WARN_OBJC_IMPLICIT_RETAIN_SELF = YES;
				CLANG_WARN_OBJC_LITERAL_CONVERSION = YES;
				CLANG_WARN_OBJC_ROOT_CLASS = YES_ERROR;
				CLANG_WARN_RANGE_LOOP_ANALYSIS = YES;
				CLANG_WARN_STRICT_PROTOTYPES = YES;
				CLANG_WARN_SUSPICIOUS_MOVE = YES;
				CLANG_WARN_UNGUARDED_AVAILABILITY = YES_AGGRESSIVE;
				CLANG_WARN_UNREACHABLE_CODE = YES;
				CLANG_WARN__DUPLICATE_METHOD_MATCH = YES;
				CODE_SIGN_IDENTITY = "iPhone Developer";
				COPY_PHASE_STRIP = NO;
				DEBUG_INFORMATION_FORMAT = "dwarf-with-dsym";
				ENABLE_NS_ASSERTIONS = NO;
				ENABLE_STRICT_OBJC_MSGSEND = YES;
				GCC_C_LANGUAGE_STANDARD = gnu11;
				GCC_NO_COMMON_BLOCKS = YES;
				GCC_WARN_64_TO_32_BIT_CONVERSION = YES;
				GCC_WARN_ABOUT_RETURN_TYPE = YES_ERROR;
				GCC_WARN_UNDECLARED_SELECTOR = YES;
				GCC_WARN_UNINITIALIZED_AUTOS = YES_AGGRESSIVE;
				GCC_WARN_UNUSED_FUNCTION = YES;
				GCC_WARN_UNUSED_VARIABLE = YES;
				IPHONEOS_DEPLOYMENT_TARGET = 11.4;
				MTL_ENABLE_DEBUG_INFO = NO;
				SDKROOT = iphoneos;
				SWIFT_COMPILATION_MODE = wholemodule;
				SWIFT_OPTIMIZATION_LEVEL = "-O";
				VALIDATE_PRODUCT = YES;
			};
			name = Release;
		};
		01DB331421044FA100EC13D2 /* Debug */ = {
			isa = XCBuildConfiguration;
			buildSettings = {
				ASSETCATALOG_COMPILER_APPICON_NAME = AppIcon;
				CODE_SIGN_STYLE = Automatic;
				DEVELOPMENT_TEAM = 3QTY9LA6S9;
				INFOPLIST_FILE = "Task management app/Info.plist";
				IPHONEOS_DEPLOYMENT_TARGET = 12.2;
				LD_RUNPATH_SEARCH_PATHS = (
					"$(inherited)",
					"@executable_path/Frameworks",
				);
				PRODUCT_BUNDLE_IDENTIFIER = com.litechkazuma.Taskmanagementapp;
				PRODUCT_NAME = "$(TARGET_NAME)";
				SWIFT_VERSION = 4.0;
				TARGETED_DEVICE_FAMILY = "1,2";
			};
			name = Debug;
		};
		01DB331521044FA100EC13D2 /* Release */ = {
			isa = XCBuildConfiguration;
			buildSettings = {
				ASSETCATALOG_COMPILER_APPICON_NAME = AppIcon;
				CODE_SIGN_STYLE = Automatic;
				DEVELOPMENT_TEAM = 3QTY9LA6S9;
				INFOPLIST_FILE = "Task management app/Info.plist";
				IPHONEOS_DEPLOYMENT_TARGET = 12.2;
				LD_RUNPATH_SEARCH_PATHS = (
					"$(inherited)",
					"@executable_path/Frameworks",
				);
				PRODUCT_BUNDLE_IDENTIFIER = com.litechkazuma.Taskmanagementapp;
				PRODUCT_NAME = "$(TARGET_NAME)";
				SWIFT_VERSION = 4.0;
				TARGETED_DEVICE_FAMILY = "1,2";
			};
			name = Release;
		};
		01DB331721044FA100EC13D2 /* Debug */ = {
			isa = XCBuildConfiguration;
			buildSettings = {
				ALWAYS_EMBED_SWIFT_STANDARD_LIBRARIES = YES;
				BUNDLE_LOADER = "$(TEST_HOST)";
				CODE_SIGN_STYLE = Automatic;
				DEVELOPMENT_TEAM = 3QTY9LA6S9;
				INFOPLIST_FILE = "Task management appTests/Info.plist";
				LD_RUNPATH_SEARCH_PATHS = (
					"$(inherited)",
					"@executable_path/Frameworks",
					"@loader_path/Frameworks",
				);
				PRODUCT_BUNDLE_IDENTIFIER = "com.litech-kazuma.Task-management-appTests";
				PRODUCT_NAME = "$(TARGET_NAME)";
				SWIFT_VERSION = 4.0;
				TARGETED_DEVICE_FAMILY = "1,2";
				TEST_HOST = "$(BUILT_PRODUCTS_DIR)/Task management app.app/Task management app";
			};
			name = Debug;
		};
		01DB331821044FA100EC13D2 /* Release */ = {
			isa = XCBuildConfiguration;
			buildSettings = {
				ALWAYS_EMBED_SWIFT_STANDARD_LIBRARIES = YES;
				BUNDLE_LOADER = "$(TEST_HOST)";
				CODE_SIGN_STYLE = Automatic;
				DEVELOPMENT_TEAM = 3QTY9LA6S9;
				INFOPLIST_FILE = "Task management appTests/Info.plist";
				LD_RUNPATH_SEARCH_PATHS = (
					"$(inherited)",
					"@executable_path/Frameworks",
					"@loader_path/Frameworks",
				);
				PRODUCT_BUNDLE_IDENTIFIER = "com.litech-kazuma.Task-management-appTests";
				PRODUCT_NAME = "$(TARGET_NAME)";
				SWIFT_VERSION = 4.0;
				TARGETED_DEVICE_FAMILY = "1,2";
				TEST_HOST = "$(BUILT_PRODUCTS_DIR)/Task management app.app/Task management app";
			};
			name = Release;
		};
		01DB331A21044FA100EC13D2 /* Debug */ = {
			isa = XCBuildConfiguration;
			buildSettings = {
				ALWAYS_EMBED_SWIFT_STANDARD_LIBRARIES = YES;
				CODE_SIGN_STYLE = Automatic;
				DEVELOPMENT_TEAM = 3QTY9LA6S9;
				INFOPLIST_FILE = "Task management appUITests/Info.plist";
				LD_RUNPATH_SEARCH_PATHS = (
					"$(inherited)",
					"@executable_path/Frameworks",
					"@loader_path/Frameworks",
				);
				PRODUCT_BUNDLE_IDENTIFIER = "com.litech-kazuma.Task-management-appUITests";
				PRODUCT_NAME = "$(TARGET_NAME)";
				SWIFT_VERSION = 4.0;
				TARGETED_DEVICE_FAMILY = "1,2";
				TEST_TARGET_NAME = "Task management app";
			};
			name = Debug;
		};
		01DB331B21044FA100EC13D2 /* Release */ = {
			isa = XCBuildConfiguration;
			buildSettings = {
				ALWAYS_EMBED_SWIFT_STANDARD_LIBRARIES = YES;
				CODE_SIGN_STYLE = Automatic;
				DEVELOPMENT_TEAM = 3QTY9LA6S9;
				INFOPLIST_FILE = "Task management appUITests/Info.plist";
				LD_RUNPATH_SEARCH_PATHS = (
					"$(inherited)",
					"@executable_path/Frameworks",
					"@loader_path/Frameworks",
				);
				PRODUCT_BUNDLE_IDENTIFIER = "com.litech-kazuma.Task-management-appUITests";
				PRODUCT_NAME = "$(TARGET_NAME)";
				SWIFT_VERSION = 4.0;
				TARGETED_DEVICE_FAMILY = "1,2";
				TEST_TARGET_NAME = "Task management app";
			};
			name = Release;
		};
/* End XCBuildConfiguration section */

/* Begin XCConfigurationList section */
		01DB32E621044F9800EC13D2 /* Build configuration list for PBXProject "Task management app" */ = {
			isa = XCConfigurationList;
			buildConfigurations = (
				01DB331121044FA100EC13D2 /* Debug */,
				01DB331221044FA100EC13D2 /* Release */,
			);
			defaultConfigurationIsVisible = 0;
			defaultConfigurationName = Release;
		};
		01DB331321044FA100EC13D2 /* Build configuration list for PBXNativeTarget "Task management app" */ = {
			isa = XCConfigurationList;
			buildConfigurations = (
				01DB331421044FA100EC13D2 /* Debug */,
				01DB331521044FA100EC13D2 /* Release */,
			);
			defaultConfigurationIsVisible = 0;
			defaultConfigurationName = Release;
		};
		01DB331621044FA100EC13D2 /* Build configuration list for PBXNativeTarget "Task management appTests" */ = {
			isa = XCConfigurationList;
			buildConfigurations = (
				01DB331721044FA100EC13D2 /* Debug */,
				01DB331821044FA100EC13D2 /* Release */,
			);
			defaultConfigurationIsVisible = 0;
			defaultConfigurationName = Release;
		};
		01DB331921044FA100EC13D2 /* Build configuration list for PBXNativeTarget "Task management appUITests" */ = {
			isa = XCConfigurationList;
			buildConfigurations = (
				01DB331A21044FA100EC13D2 /* Debug */,
				01DB331B21044FA100EC13D2 /* Release */,
			);
			defaultConfigurationIsVisible = 0;
			defaultConfigurationName = Release;
		};
/* End XCConfigurationList section */
	};
	rootObject = 01DB32E321044F9800EC13D2 /* Project object */;
}
