// !$*UTF8*$!
{
	archiveVersion = 1;
	classes = {
	};
	objectVersion = 50;
	objects = {

/* Begin PBXBuildFile section */
		01DB32EF21044F9800EC13D2 /* AppDelegate.swift in Sources */ = {isa = PBXBuildFile; fileRef = 01DB32EE21044F9800EC13D2 /* AppDelegate.swift */; };
		01DB32F121044F9800EC13D2 /* ViewController.swift in Sources */ = {isa = PBXBuildFile; fileRef = 01DB32F021044F9800EC13D2 /* ViewController.swift */; };
		01DB32F421044F9800EC13D2 /* Main.storyboard in Resources */ = {isa = PBXBuildFile; fileRef = 01DB32F221044F9800EC13D2 /* Main.storyboard */; };
		01DB32F621044FA100EC13D2 /* Assets.xcassets in Resources */ = {isa = PBXBuildFile; fileRef = 01DB32F521044FA100EC13D2 /* Assets.xcassets */; };
		01DB32F921044FA100EC13D2 /* LaunchScreen.storyboard in Resources */ = {isa = PBXBuildFile; fileRef = 01DB32F721044FA100EC13D2 /* LaunchScreen.storyboard */; };
		01DB330421044FA100EC13D2 /* Task_management_appTests.swift in Sources */ = {isa = PBXBuildFile; fileRef = 01DB330321044FA100EC13D2 /* Task_management_appTests.swift */; };
		01DB330F21044FA100EC13D2 /* Task_management_appUITests.swift in Sources */ = {isa = PBXBuildFile; fileRef = 01DB330E21044FA100EC13D2 /* Task_management_appUITests.swift */; };
/* End PBXBuildFile section */

/* Begin PBXContainerItemProxy section */
		01DB330021044FA100EC13D2 /* PBXContainerItemProxy */ = {
			isa = PBXContainerItemProxy;
			containerPortal = 01DB32E321044F9800EC13D2 /* Project object */;
			proxyType = 1;
			remoteGlobalIDString = 01DB32EA21044F9800EC13D2;
			remoteInfo = "Task management app";
		};
		01DB330B21044FA100EC13D2 /* PBXContainerItemProxy */ = {
			isa = PBXContainerItemProxy;
			containerPortal = 01DB32E321044F9800EC13D2 /* Project object */;
			proxyType = 1;
			remoteGlobalIDString = 01DB32EA21044F9800EC13D2;
			remoteInfo = "Task management app";
		};
/* End PBXContainerItemProxy section */

/* Begin PBXFileReference section */
		01DB32EB21044F9800EC13D2 /* Task management app.app */ = {isa = PBXFileReference; explicitFileType = wrapper.application; includeInIndex = 0; path = "Task management app.app"; sourceTree = BUILT_PRODUCTS_DIR; };
		01DB32EE21044F9800EC13D2 /* AppDelegate.swift */ = {isa = PBXFileReference; lastKnownFileType = sourcecode.swift; path = AppDelegate.swift; sourceTree = "<group>"; };
		01DB32F021044F9800EC13D2 /* ViewController.swift */ = {isa = PBXFileReference; lastKnownFileType = sourcecode.swift; path = ViewController.swift; sourceTree = "<group>"; };
		01DB32F321044F9800EC13D2 /* Base */ = {isa = PBXFileReference; lastKnownFileType = file.storyboard; name = Base; path = Base.lproj/Main.storyboard; sourceTree = "<group>"; };
		01DB32F521044FA100EC13D2 /* Assets.xcassets */ = {isa = PBXFileReference; lastKnownFileType = folder.assetcatalog; path = Assets.xcassets; sourceTree = "<group>"; };
		01DB32F821044FA100EC13D2 /* Base */ = {isa = PBXFileReference; lastKnownFileType = file.storyboard; name = Base; path = Base.lproj/LaunchScreen.storyboard; sourceTree = "<group>"; };
		01DB32FA21044FA100EC13D2 /* Info.plist */ = {isa = PBXFileReference; lastKnownFileType = text.plist.xml; path = Info.plist; sourceTree = "<group>"; };
		01DB32FF21044FA100EC13D2 /* Task management appTests.xctest */ = {isa = PBXFileReference; explicitFileType = wrapper.cfbundle; includeInIndex = 0; path = "Task management appTests.xctest"; sourceTree = BUILT_PRODUCTS_DIR; };
		01DB330321044FA100EC13D2 /* Task_management_appTests.swift */ = {isa = PBXFileReference; lastKnownFileType = sourcecode.swift; path = Task_management_appTests.swift; sourceTree = "<group>"; };
		01DB330521044FA100EC13D2 /* Info.plist */ = {isa = PBXFileReference; lastKnownFileType = text.plist.xml; path = Info.plist; sourceTree = "<group>"; };
		01DB330A21044FA100EC13D2 /* Task management appUITests.xctest */ = {isa = PBXFileReference; explicitFileType = wrapper.cfbundle; includeInIndex = 0; path = "Task management appUITests.xctest"; sourceTree = BUILT_PRODUCTS_DIR; };
		01DB330E21044FA100EC13D2 /* Task_management_appUITests.swift */ = {isa = PBXFileReference; lastKnownFileType = sourcecode.swift; path = Task_management_appUITests.swift; sourceTree = "<group>"; };
		01DB331021044FA100EC13D2 /* Info.plist */ = {isa = PBXFileReference; lastKnownFileType = text.plist.xml; path = Info.plist; sourceTree = "<group>"; };
/* End PBXFileReference section */

/* Begin PBXFrameworksBuildPhase section */
		01DB32E821044F9800EC13D2 /* Frameworks */ = {
			isa = PBXFrameworksBuildPhase;
			buildActionMask = 2147483647;
			files = (
			);
			runOnlyForDeploymentPostprocessing = 0;
		};
		01DB32FC21044FA100EC13D2 /* Frameworks */ = {
			isa = PBXFrameworksBuildPhase;
			buildActionMask = 2147483647;
			files = (
			);
			runOnlyForDeploymentPostprocessing = 0;
		};
		01DB330721044FA100EC13D2 /* Frameworks */ = {
			isa = PBXFrameworksBuildPhase;
			buildActionMask = 2147483647;
			files = (
			);
			runOnlyForDeploymentPostprocessing = 0;
		};
/* End PBXFrameworksBuildPhase section */

/* Begin PBXGroup section */
		01DB32E221044F9800EC13D2 = {
			isa = PBXGroup;
			children = (
				01DB32ED21044F9800EC13D2 /* Task management app */,
				01DB330221044FA100EC13D2 /* Task management appTests */,
				01DB330D21044FA100EC13D2 /* Task management appUITests */,
				01DB32EC21044F9800EC13D2 /* Products */,
			);
			sourceTree = "<group>";
		};
		01DB32EC21044F9800EC13D2 /* Products */ = {
			isa = PBXGroup;
			children = (
				01DB32EB21044F9800EC13D2 /* Task management app.app */,
				01DB32FF21044FA100EC13D2 /* Task management appTests.xctest */,
				01DB330A21044FA100EC13D2 /* Task management appUITests.xctest */,
			);
			name = Products;
			sourceTree = "<group>";
		};
		01DB32ED21044F9800EC13D2 /* Task management app */ = {
			isa = PBXGroup;
			children = (
				01DB32EE21044F9800EC13D2 /* AppDelegate.swift */,
				01DB32F021044F9800EC13D2 /* ViewController.swift */,
				01DB32F221044F9800EC13D2 /* Main.storyboard */,
				01DB32F521044FA100EC13D2 /* Assets.xcassets */,
				01DB32F721044FA100EC13D2 /* LaunchScreen.storyboard */,
				01DB32FA21044FA100EC13D2 /* Info.plist */,
			);
			path = "Task management app";
			sourceTree = "<group>";
		};
		01DB330221044FA100EC13D2 /* Task management appTests */ = {
			isa = PBXGroup;
			children = (
				01DB330321044FA100EC13D2 /* Task_management_appTests.swift */,
				01DB330521044FA100EC13D2 /* Info.plist */,
			);
			path = "Task management appTests";
			sourceTree = "<group>";
		};
		01DB330D21044FA100EC13D2 /* Task management appUITests */ = {
			isa = PBXGroup;
			children = (
				01DB330E21044FA100EC13D2 /* Task_management_appUITests.swift */,
				01DB331021044FA100EC13D2 /* Info.plist */,
			);
			path = "Task management appUITests";
			sourceTree = "<group>";
		};
/* End PBXGroup section */

/* Begin PBXNativeTarget section */
		01DB32EA21044F9800EC13D2 /* Task management app */ = {
			isa = PBXNativeTarget;
			buildConfigurationList = 01DB331321044FA100EC13D2 /* Build configuration list for PBXNativeTarget "Task management app" */;
			buildPhases = (
				01DB32E721044F9800EC13D2 /* Sources */,
				01DB32E821044F9800EC13D2 /* Frameworks */,
				01DB32E921044F9800EC13D2 /* Resources */,
			);
			buildRules = (
			);
			dependencies = (
			);
			name = "Task management app";
			productName = "Task management app";
			productReference = 01DB32EB21044F9800EC13D2 /* Task management app.app */;
			productType = "com.apple.product-type.application";
		};
		01DB32FE21044FA100EC13D2 /* Task management appTests */ = {
			isa = PBXNativeTarget;
			buildConfigurationList = 01DB331621044FA100EC13D2 /* Build configuration list for PBXNativeTarget "Task management appTests" */;
			buildPhases = (
				01DB32FB21044FA100EC13D2 /* Sources */,
				01DB32FC21044FA100EC13D2 /* Frameworks */,
				01DB32FD21044FA100EC13D2 /* Resources */,
			);
			buildRules = (
			);
			dependencies = (
				01DB330121044FA100EC13D2 /* PBXTargetDependency */,
			);
			name = "Task management appTests";
			productName = "Task management appTests";
			productReference = 01DB32FF21044FA100EC13D2 /* Task management appTests.xctest */;
			productType = "com.apple.product-type.bundle.unit-test";
		};
		01DB330921044FA100EC13D2 /* Task management appUITests */ = {
			isa = PBXNativeTarget;
			buildConfigurationList = 01DB331921044FA100EC13D2 /* Build configuration list for PBXNativeTarget "Task management appUITests" */;
			buildPhases = (
				01DB330621044FA100EC13D2 /* Sources */,
				01DB330721044FA100EC13D2 /* Frameworks */,
				01DB330821044FA100EC13D2 /* Resources */,
			);
			buildRules = (
			);
			dependencies = (
				01DB330C21044FA100EC13D2 /* PBXTargetDependency */,
			);
			name = "Task management appUITests";
			productName = "Task management appUITests";
			productReference = 01DB330A21044FA100EC13D2 /* Task management appUITests.xctest */;
			productType = "com.apple.product-type.bundle.ui-testing";
		};
/* End PBXNativeTarget section */

/* Begin PBXProject section */
		01DB32E321044F9800EC13D2 /* Project object */ = {
			isa = PBXProject;
			attributes = {
				LastSwiftUpdateCheck = 0940;
				LastUpgradeCheck = 0940;
				ORGANIZATIONNAME = oharakazumasa;
				TargetAttributes = {
					01DB32EA21044F9800EC13D2 = {
						CreatedOnToolsVersion = 9.4.1;
					};
					01DB32FE21044FA100EC13D2 = {
						CreatedOnToolsVersion = 9.4.1;
						TestTargetID = 01DB32EA21044F9800EC13D2;
					};
					01DB330921044FA100EC13D2 = {
						CreatedOnToolsVersion = 9.4.1;
						TestTargetID = 01DB32EA21044F9800EC13D2;
					};
				};
			};
			buildConfigurationList = 01DB32E621044F9800EC13D2 /* Build configuration list for PBXProject "Task management app" */;
			compatibilityVersion = "Xcode 9.3";
			developmentRegion = en;
			hasScannedForEncodings = 0;
			knownRegions = (
				en,
				Base,
			);
			mainGroup = 01DB32E221044F9800EC13D2;
			productRefGroup = 01DB32EC21044F9800EC13D2 /* Products */;
			projectDirPath = "";
			projectRoot = "";
			targets = (
				01DB32EA21044F9800EC13D2 /* Task management app */,
				01DB32FE21044FA100EC13D2 /* Task management appTests */,
				01DB330921044FA100EC13D2 /* Task management appUITests */,
			);
		};
/* End PBXProject section */

/* Begin PBXResourcesBuildPhase section */
		01DB32E921044F9800EC13D2 /* Resources */ = {
			isa = PBXResourcesBuildPhase;
			buildActionMask = 2147483647;
			files = (
				01DB32F921044FA100EC13D2 /* LaunchScreen.storyboard in Resources */,
				01DB32F621044FA100EC13D2 /* Assets.xcassets in Resources */,
				01DB32F421044F9800EC13D2 /* Main.storyboard in Resources */,
			);
			runOnlyForDeploymentPostprocessing = 0;
		};
		01DB32FD21044FA100EC13D2 /* Resources */ = {
			isa = PBXResourcesBuildPhase;
			buildActionMask = 2147483647;
			files = (
			);
			runOnlyForDeploymentPostprocessing = 0;
		};
		01DB330821044FA100EC13D2 /* Resources */ = {
			isa = PBXResourcesBuildPhase;
			buildActionMask = 2147483647;
			files = (
			);
			runOnlyForDeploymentPostprocessing = 0;
		};
/* End PBXResourcesBuildPhase section */

/* Begin PBXSourcesBuildPhase section */
		01DB32E721044F9800EC13D2 /* Sources */ = {
			isa = PBXSourcesBuildPhase;
			buildActionMask = 2147483647;
			files = (
				01DB32F121044F9800EC13D2 /* ViewController.swift in Sources */,
				01DB32EF21044F9800EC13D2 /* AppDelegate.swift in Sources */,
			);
			runOnlyForDeploymentPostprocessing = 0;
		};
		01DB32FB21044FA100EC13D2 /* Sources */ = {
			isa = PBXSourcesBuildPhase;
			buildActionMask = 2147483647;
			files = (
				01DB330421044FA100EC13D2 /* Task_management_appTests.swift in Sources */,
			);
			runOnlyForDeploymentPostprocessing = 0;
		};
		01DB330621044FA100EC13D2 /* Sources */ = {
			isa = PBXSourcesBuildPhase;
			buildActionMask = 2147483647;
			files = (
				01DB330F21044FA100EC13D2 /* Task_management_appUITests.swift in Sources */,
			);
			runOnlyForDeploymentPostprocessing = 0;
		};
/* End PBXSourcesBuildPhase section */

/* Begin PBXTargetDependency section */
		01DB330121044FA100EC13D2 /* PBXTargetDependency */ = {
			isa = PBXTargetDependency;
			target = 01DB32EA21044F9800EC13D2 /* Task management app */;
			targetProxy = 01DB330021044FA100EC13D2 /* PBXContainerItemProxy */;
		};
		01DB330C21044FA100EC13D2 /* PBXTargetDependency */ = {
			isa = PBXTargetDependency;
			target = 01DB32EA21044F9800EC13D2 /* Task management app */;
			targetProxy = 01DB330B21044FA100EC13D2 /* PBXContainerItemProxy */;
		};
/* End PBXTargetDependency section */

/* Begin PBXVariantGroup section */
		01DB32F221044F9800EC13D2 /* Main.storyboard */ = {
			isa = PBXVariantGroup;
			children = (
				01DB32F321044F9800EC13D2 /* Base */,
			);
			name = Main.storyboard;
			sourceTree = "<group>";
		};
		01DB32F721044FA100EC13D2 /* LaunchScreen.storyboard */ = {
			isa = PBXVariantGroup;
			children = (
				01DB32F821044FA100EC13D2 /* Base */,
			);
			name = LaunchScreen.storyboard;
			sourceTree = "<group>";
		};
/* End PBXVariantGroup section */

/* Begin XCBuildConfiguration section */
		01DB331121044FA100EC13D2 /* Debug */ = {
			isa = XCBuildConfiguration;
			buildSettings = {
				ALWAYS_SEARCH_USER_PATHS = NO;
				CLANG_ANALYZER_NONNULL = YES;
				CLANG_ANALYZER_NUMBER_OBJECT_CONVERSION = YES_AGGRESSIVE;
				CLANG_CXX_LANGUAGE_STANDARD = "gnu++14";
				CLANG_CXX_LIBRARY = "libc++";
				CLANG_ENABLE_MODULES = YES;
				CLANG_ENABLE_OBJC_ARC = YES;
				CLANG_ENABLE_OBJC_WEAK = YES;
				CLANG_WARN_BLOCK_CAPTURE_AUTORELEASING = YES;
				CLANG_WARN_BOOL_CONVERSION = YES;
				CLANG_WARN_COMMA = YES;
				CLANG_WARN_CONSTANT_CONVERSION = YES;
				CLANG_WARN_DEPRECATED_OBJC_IMPLEMENTATIONS = YES;
				CLANG_WARN_DIRECT_OBJC_ISA_USAGE = YES_ERROR;
				CLANG_WARN_DOCUMENTATION_COMMENTS = YES;
				CLANG_WARN_EMPTY_BODY = YES;
				CLANG_WARN_ENUM_CONVERSION = YES;
				CLANG_WARN_INFINITE_RECURSION = YES;
				CLANG_WARN_INT_CONVERSION = YES;
				CLANG_WARN_NON_LITERAL_NULL_CONVERSION = YES;
				CLANG_WARN_OBJC_IMPLICIT_RETAIN_SELF = YES;
				CLANG_WARN_OBJC_LITERAL_CONVERSION = YES;
				CLANG_WARN_OBJC_ROOT_CLASS = YES_ERROR;
				CLANG_WARN_RANGE_LOOP_ANALYSIS = YES;
				CLANG_WARN_STRICT_PROTOTYPES = YES;
				CLANG_WARN_SUSPICIOUS_MOVE = YES;
				CLANG_WARN_UNGUARDED_AVAILABILITY = YES_AGGRESSIVE;
				CLANG_WARN_UNREACHABLE_CODE = YES;
				CLANG_WARN__DUPLICATE_METHOD_MATCH = YES;
				CODE_SIGN_IDENTITY = "iPhone Developer";
				COPY_PHASE_STRIP = NO;
				DEBUG_INFORMATION_FORMAT = dwarf;
				ENABLE_STRICT_OBJC_MSGSEND = YES;
				ENABLE_TESTABILITY = YES;
				GCC_C_LANGUAGE_STANDARD = gnu11;
				GCC_DYNAMIC_NO_PIC = NO;
				GCC_NO_COMMON_BLOCKS = YES;
				GCC_OPTIMIZATION_LEVEL = 0;
				GCC_PREPROCESSOR_DEFINITIONS = (
					"DEBUG=1",
					"$(inherited)",
				);
				GCC_WARN_64_TO_32_BIT_CONVERSION = YES;
				GCC_WARN_ABOUT_RETURN_TYPE = YES_ERROR;
				GCC_WARN_UNDECLARED_SELECTOR = YES;
				GCC_WARN_UNINITIALIZED_AUTOS = YES_AGGRESSIVE;
				GCC_WARN_UNUSED_FUNCTION = YES;
				GCC_WARN_UNUSED_VARIABLE = YES;
				IPHONEOS_DEPLOYMENT_TARGET = 11.4;
				MTL_ENABLE_DEBUG_INFO = YES;
				ONLY_ACTIVE_ARCH = YES;
				SDKROOT = iphoneos;
				SWIFT_ACTIVE_COMPILATION_CONDITIONS = DEBUG;
				SWIFT_OPTIMIZATION_LEVEL = "-Onone";
			};
			name = Debug;
		};
		01DB331221044FA100EC13D2 /* Release */ = {
			isa = XCBuildConfiguration;
			buildSettings = {
				ALWAYS_SEARCH_USER_PATHS = NO;
				CLANG_ANALYZER_NONNULL = YES;
				CLANG_ANALYZER_NUMBER_OBJECT_CONVERSION = YES_AGGRESSIVE;
				CLANG_CXX_LANGUAGE_STANDARD = "gnu++14";
				CLANG_CXX_LIBRARY = "libc++";
				CLANG_ENABLE_MODULES = YES;
				CLANG_ENABLE_OBJC_ARC = YES;
				CLANG_ENABLE_OBJC_WEAK = YES;
				CLANG_WARN_BLOCK_CAPTURE_AUTORELEASING = YES;
				CLANG_WARN_BOOL_CONVERSION = YES;
				CLANG_WARN_COMMA = YES;
				CLANG_WARN_CONSTANT_CONVERSION = YES;
				CLANG_WARN_DEPRECATED_OBJC_IMPLEMENTATIONS = YES;
				CLANG_WARN_DIRECT_OBJC_ISA_USAGE = YES_ERROR;
				CLANG_WARN_DOCUMENTATION_COMMENTS = YES;
				CLANG_WARN_EMPTY_BODY = YES;
				CLANG_WARN_ENUM_CONVERSION = YES;
				CLANG_WARN_INFINITE_RECURSION = YES;
				CLANG_WARN_INT_CONVERSION = YES;
				CLANG_WARN_NON_LITERAL_NULL_CONVERSION = YES;
				CLANG_WARN_OBJC_IMPLICIT_RETAIN_SELF = YES;
				CLANG_WARN_OBJC_LITERAL_CONVERSION = YES;
				CLANG_WARN_OBJC_ROOT_CLASS = YES_ERROR;
				CLANG_WARN_RANGE_LOOP_ANALYSIS = YES;
				CLANG_WARN_STRICT_PROTOTYPES = YES;
				CLANG_WARN_SUSPICIOUS_MOVE = YES;
				CLANG_WARN_UNGUARDED_AVAILABILITY = YES_AGGRESSIVE;
				CLANG_WARN_UNREACHABLE_CODE = YES;
				CLANG_WARN__DUPLICATE_METHOD_MATCH = YES;
				CODE_SIGN_IDENTITY = "iPhone Developer";
				COPY_PHASE_STRIP = NO;
				DEBUG_INFORMATION_FORMAT = "dwarf-with-dsym";
				ENABLE_NS_ASSERTIONS = NO;
				ENABLE_STRICT_OBJC_MSGSEND = YES;
				GCC_C_LANGUAGE_STANDARD = gnu11;
				GCC_NO_COMMON_BLOCKS = YES;
				GCC_WARN_64_TO_32_BIT_CONVERSION = YES;
				GCC_WARN_ABOUT_RETURN_TYPE = YES_ERROR;
				GCC_WARN_UNDECLARED_SELECTOR = YES;
				GCC_WARN_UNINITIALIZED_AUTOS = YES_AGGRESSIVE;
				GCC_WARN_UNUSED_FUNCTION = YES;
				GCC_WARN_UNUSED_VARIABLE = YES;
				IPHONEOS_DEPLOYMENT_TARGET = 11.4;
				MTL_ENABLE_DEBUG_INFO = NO;
				SDKROOT = iphoneos;
				SWIFT_COMPILATION_MODE = wholemodule;
				SWIFT_OPTIMIZATION_LEVEL = "-O";
				VALIDATE_PRODUCT = YES;
			};
			name = Release;
		};
		01DB331421044FA100EC13D2 /* Debug */ = {
			isa = XCBuildConfiguration;
			buildSettings = {
				ASSETCATALOG_COMPILER_APPICON_NAME = AppIcon;
				CODE_SIGN_STYLE = Automatic;
				DEVELOPMENT_TEAM = 3QTY9LA6S9;
				INFOPLIST_FILE = "Task management app/Info.plist";
				LD_RUNPATH_SEARCH_PATHS = (
					"$(inherited)",
					"@executable_path/Frameworks",
				);
				PRODUCT_BUNDLE_IDENTIFIER = "com.litech-kazuma.Task-management-app";
				PRODUCT_NAME = "$(TARGET_NAME)";
				SWIFT_VERSION = 4.0;
				TARGETED_DEVICE_FAMILY = "1,2";
			};
			name = Debug;
		};
		01DB331521044FA100EC13D2 /* Release */ = {
			isa = XCBuildConfiguration;
			buildSettings = {
				ASSETCATALOG_COMPILER_APPICON_NAME = AppIcon;
				CODE_SIGN_STYLE = Automatic;
				DEVELOPMENT_TEAM = 3QTY9LA6S9;
				INFOPLIST_FILE = "Task management app/Info.plist";
				LD_RUNPATH_SEARCH_PATHS = (
					"$(inherited)",
					"@executable_path/Frameworks",
				);
				PRODUCT_BUNDLE_IDENTIFIER = "com.litech-kazuma.Task-management-app";
				PRODUCT_NAME = "$(TARGET_NAME)";
				SWIFT_VERSION = 4.0;
				TARGETED_DEVICE_FAMILY = "1,2";
			};
			name = Release;
		};
		01DB331721044FA100EC13D2 /* Debug */ = {
			isa = XCBuildConfiguration;
			buildSettings = {
				ALWAYS_EMBED_SWIFT_STANDARD_LIBRARIES = YES;
				BUNDLE_LOADER = "$(TEST_HOST)";
				CODE_SIGN_STYLE = Automatic;
				DEVELOPMENT_TEAM = 3QTY9LA6S9;
				INFOPLIST_FILE = "Task management appTests/Info.plist";
				LD_RUNPATH_SEARCH_PATHS = (
					"$(inherited)",
					"@executable_path/Frameworks",
					"@loader_path/Frameworks",
				);
				PRODUCT_BUNDLE_IDENTIFIER = "com.litech-kazuma.Task-management-appTests";
				PRODUCT_NAME = "$(TARGET_NAME)";
				SWIFT_VERSION = 4.0;
				TARGETED_DEVICE_FAMILY = "1,2";
				TEST_HOST = "$(BUILT_PRODUCTS_DIR)/Task management app.app/Task management app";
			};
			name = Debug;
		};
		01DB331821044FA100EC13D2 /* Release */ = {
			isa = XCBuildConfiguration;
			buildSettings = {
				ALWAYS_EMBED_SWIFT_STANDARD_LIBRARIES = YES;
				BUNDLE_LOADER = "$(TEST_HOST)";
				CODE_SIGN_STYLE = Automatic;
				DEVELOPMENT_TEAM = 3QTY9LA6S9;
				INFOPLIST_FILE = "Task management appTests/Info.plist";
				LD_RUNPATH_SEARCH_PATHS = (
					"$(inherited)",
					"@executable_path/Frameworks",
					"@loader_path/Frameworks",
				);
				PRODUCT_BUNDLE_IDENTIFIER = "com.litech-kazuma.Task-management-appTests";
				PRODUCT_NAME = "$(TARGET_NAME)";
				SWIFT_VERSION = 4.0;
				TARGETED_DEVICE_FAMILY = "1,2";
				TEST_HOST = "$(BUILT_PRODUCTS_DIR)/Task management app.app/Task management app";
			};
			name = Release;
		};
		01DB331A21044FA100EC13D2 /* Debug */ = {
			isa = XCBuildConfiguration;
			buildSettings = {
				ALWAYS_EMBED_SWIFT_STANDARD_LIBRARIES = YES;
				CODE_SIGN_STYLE = Automatic;
				DEVELOPMENT_TEAM = 3QTY9LA6S9;
				INFOPLIST_FILE = "Task management appUITests/Info.plist";
				LD_RUNPATH_SEARCH_PATHS = (
					"$(inherited)",
					"@executable_path/Frameworks",
					"@loader_path/Frameworks",
				);
				PRODUCT_BUNDLE_IDENTIFIER = "com.litech-kazuma.Task-management-appUITests";
				PRODUCT_NAME = "$(TARGET_NAME)";
				SWIFT_VERSION = 4.0;
				TARGETED_DEVICE_FAMILY = "1,2";
				TEST_TARGET_NAME = "Task management app";
			};
			name = Debug;
		};
		01DB331B21044FA100EC13D2 /* Release */ = {
			isa = XCBuildConfiguration;
			buildSettings = {
				ALWAYS_EMBED_SWIFT_STANDARD_LIBRARIES = YES;
				CODE_SIGN_STYLE = Automatic;
				DEVELOPMENT_TEAM = 3QTY9LA6S9;
				INFOPLIST_FILE = "Task management appUITests/Info.plist";
				LD_RUNPATH_SEARCH_PATHS = (
					"$(inherited)",
					"@executable_path/Frameworks",
					"@loader_path/Frameworks",
				);
				PRODUCT_BUNDLE_IDENTIFIER = "com.litech-kazuma.Task-management-appUITests";
				PRODUCT_NAME = "$(TARGET_NAME)";
				SWIFT_VERSION = 4.0;
				TARGETED_DEVICE_FAMILY = "1,2";
				TEST_TARGET_NAME = "Task management app";
			};
			name = Release;
		};
/* End XCBuildConfiguration section */

/* Begin XCConfigurationList section */
		01DB32E621044F9800EC13D2 /* Build configuration list for PBXProject "Task management app" */ = {
			isa = XCConfigurationList;
			buildConfigurations = (
				01DB331121044FA100EC13D2 /* Debug */,
				01DB331221044FA100EC13D2 /* Release */,
			);
			defaultConfigurationIsVisible = 0;
			defaultConfigurationName = Release;
		};
		01DB331321044FA100EC13D2 /* Build configuration list for PBXNativeTarget "Task management app" */ = {
			isa = XCConfigurationList;
			buildConfigurations = (
				01DB331421044FA100EC13D2 /* Debug */,
				01DB331521044FA100EC13D2 /* Release */,
			);
			defaultConfigurationIsVisible = 0;
			defaultConfigurationName = Release;
		};
		01DB331621044FA100EC13D2 /* Build configuration list for PBXNativeTarget "Task management appTests" */ = {
			isa = XCConfigurationList;
			buildConfigurations = (
				01DB331721044FA100EC13D2 /* Debug */,
				01DB331821044FA100EC13D2 /* Release */,
			);
			defaultConfigurationIsVisible = 0;
			defaultConfigurationName = Release;
		};
		01DB331921044FA100EC13D2 /* Build configuration list for PBXNativeTarget "Task management appUITests" */ = {
			isa = XCConfigurationList;
			buildConfigurations = (
				01DB331A21044FA100EC13D2 /* Debug */,
				01DB331B21044FA100EC13D2 /* Release */,
			);
			defaultConfigurationIsVisible = 0;
			defaultConfigurationName = Release;
		};
/* End XCConfigurationList section */
	};
	rootObject = 01DB32E321044F9800EC13D2 /* Project object */;
}
